
Microsoft Visual Studio Solution File, Format Version 12.00
# Visual Studio 14
VisualStudioVersion = 14.0.25420.1
MinimumVisualStudioVersion = 10.0.40219.1
Project("{9092AA53-FB77-4645-B42D-1CCCA6BD08BD}") = "javascripting", "javascripting\javascripting.njsproj", "{0E3F9A3E-9D63-43D5-A133-64F50783AB97}"
EndProject
Project("{9092AA53-FB77-4645-B42D-1CCCA6BD08BD}") = "learnyounode", "learnyounode\learnyounode.njsproj", "{319D822B-032C-4062-A942-5BF7F335BAE4}"
EndProject
Global
	GlobalSection(SolutionConfigurationPlatforms) = preSolution
		Debug|Any CPU = Debug|Any CPU
		Release|Any CPU = Release|Any CPU
	EndGlobalSection
	GlobalSection(ProjectConfigurationPlatforms) = postSolution
		{0E3F9A3E-9D63-43D5-A133-64F50783AB97}.Debug|Any CPU.ActiveCfg = Debug|Any CPU
		{0E3F9A3E-9D63-43D5-A133-64F50783AB97}.Debug|Any CPU.Build.0 = Debug|Any CPU
		{0E3F9A3E-9D63-43D5-A133-64F50783AB97}.Release|Any CPU.ActiveCfg = Release|Any CPU
		{0E3F9A3E-9D63-43D5-A133-64F50783AB97}.Release|Any CPU.Build.0 = Release|Any CPU
		{319D822B-032C-4062-A942-5BF7F335BAE4}.Debug|Any CPU.ActiveCfg = Debug|Any CPU
		{319D822B-032C-4062-A942-5BF7F335BAE4}.Debug|Any CPU.Build.0 = Debug|Any CPU
		{319D822B-032C-4062-A942-5BF7F335BAE4}.Release|Any CPU.ActiveCfg = Release|Any CPU
		{319D822B-032C-4062-A942-5BF7F335BAE4}.Release|Any CPU.Build.0 = Release|Any CPU
	EndGlobalSection
	GlobalSection(SolutionProperties) = preSolution
		HideSolutionNode = FALSE
	EndGlobalSection
EndGlobal
